
Microsoft Visual Studio Solution File, Format Version 12.00
# Visual Studio Version 18
VisualStudioVersion = 18.0.11217.181 d18.0
MinimumVisualStudioVersion = 10.0.40219.1
Project("{FAE04EC0-301F-11D3-BF4B-00C04F79EFBC}") = "SystemConfiguratorUI", "SystemConfiguratorUI.csproj", "{1657A982-F463-C414-EF69-30431C802D43}"
EndProject
Global
	GlobalSection(SolutionConfigurationPlatforms) = preSolution
		Debug|Any CPU = Debug|Any CPU
		Release|Any CPU = Release|Any CPU
	EndGlobalSection
	GlobalSection(ProjectConfigurationPlatforms) = postSolution
		{1657A982-F463-C414-EF69-30431C802D43}.Debug|Any CPU.ActiveCfg = Debug|Any CPU
		{1657A982-F463-C414-EF69-30431C802D43}.Debug|Any CPU.Build.0 = Debug|Any CPU
		{1657A982-F463-C414-EF69-30431C802D43}.Release|Any CPU.ActiveCfg = Release|Any CPU
		{1657A982-F463-C414-EF69-30431C802D43}.Release|Any CPU.Build.0 = Release|Any CPU
	EndGlobalSection
	GlobalSection(SolutionProperties) = preSolution
		HideSolutionNode = FALSE
	EndGlobalSection
	GlobalSection(ExtensibilityGlobals) = postSolution
		SolutionGuid = {A7BC4750-5203-4A8A-9D0C-60F05D89D266}
	EndGlobalSection
EndGlobal
